{
  "version": 4,
  "terraform_version": "0.12.16",
  "serial": 16,
  "lineage": "c7b666d5-d6dd-3e5c-80e7-e5f916e7b6b6",
  "outputs": {
    "static_ip_addr": {
      "value": "3.232.161.58",
      "type": "string"
    }
  },
  "resources": [
    {
      "mode": "managed",
      "type": "aws_eip",
      "name": "static_ip",
      "provider": "provider.aws",
      "instances": [
        {
          "schema_version": 0,
          "attributes": {
            "allocation_id": null,
            "associate_with_private_ip": null,
            "association_id": "eipassoc-05b2548f696f3e341",
            "domain": "vpc",
            "id": "eipalloc-0c1cc938066373d64",
            "instance": "i-04db9d1138870d54b",
            "network_interface": "eni-015f71157aa90431e",
            "private_dns": "ip-10-0-1-192.ec2.internal",
            "private_ip": "10.0.1.192",
            "public_dns": "ec2-3-232-161-58.compute-1.amazonaws.com",
            "public_ip": "3.232.161.58",
            "public_ipv4_pool": "amazon",
            "tags": {},
            "timeouts": null,
            "vpc": true
          },
          "private": "eyJlMmJmYjczMC1lY2FhLTExZTYtOGY4OC0zNDM2M2JjN2M0YzAiOnsiZGVsZXRlIjoxODAwMDAwMDAwMDAsInJlYWQiOjkwMDAwMDAwMDAwMCwidXBkYXRlIjozMDAwMDAwMDAwMDB9fQ=="
        }
      ]
    },
    {
      "mode": "managed",
      "type": "aws_eip_association",
      "name": "static_ip_association",
      "provider": "provider.aws",
      "instances": [
        {
          "schema_version": 0,
          "attributes": {
            "allocation_id": "eipalloc-0c1cc938066373d64",
            "allow_reassociation": null,
            "id": "eipassoc-05b2548f696f3e341",
            "instance_id": "i-04db9d1138870d54b",
            "network_interface_id": "eni-015f71157aa90431e",
            "private_ip_address": "10.0.1.192",
            "public_ip": "3.232.161.58"
          },
          "private": "bnVsbA==",
          "dependencies": [
            "aws_eip.static_ip",
            "aws_instance.backend-server",
            "aws_key_pair.timesheet-key"
          ]
        }
      ]
    },
    {
      "mode": "managed",
      "type": "aws_instance",
      "name": "backend-server",
      "provider": "provider.aws",
      "instances": [
        {
          "schema_version": 1,
          "attributes": {
            "ami": "ami-00a208c7cdba991ea",
            "arn": "arn:aws:ec2:us-east-1:038062473746:instance/i-04db9d1138870d54b",
            "associate_public_ip_address": true,
            "availability_zone": "us-east-1a",
            "cpu_core_count": 1,
            "cpu_threads_per_core": 1,
            "credit_specification": [
              {
                "cpu_credits": "standard"
              }
            ],
            "disable_api_termination": false,
            "ebs_block_device": [],
            "ebs_optimized": false,
            "ephemeral_block_device": [],
            "get_password_data": false,
            "host_id": null,
            "iam_instance_profile": "",
            "id": "i-04db9d1138870d54b",
            "instance_initiated_shutdown_behavior": null,
            "instance_state": "running",
            "instance_type": "t2.micro",
            "ipv6_address_count": 0,
            "ipv6_addresses": [],
            "key_name": "timesheet-key",
            "monitoring": false,
            "network_interface": [],
            "network_interface_id": null,
            "password_data": "",
            "placement_group": "",
            "primary_network_interface_id": "eni-015f71157aa90431e",
            "private_dns": "ip-10-0-1-192.ec2.internal",
            "private_ip": "10.0.1.192",
            "public_dns": "ec2-3-232-161-58.compute-1.amazonaws.com",
            "public_ip": "3.232.161.58",
            "root_block_device": [
              {
                "delete_on_termination": true,
                "encrypted": false,
                "iops": 100,
                "kms_key_id": "",
                "volume_id": "vol-0b2cfb17e7510ee2f",
                "volume_size": 8,
                "volume_type": "gp2"
              }
            ],
            "security_groups": [],
            "source_dest_check": true,
            "subnet_id": "subnet-0a7874dd3894e19be",
            "tags": {
              "Name": "timesheet-server"
            },
            "tenancy": "default",
            "timeouts": null,
            "user_data": null,
            "user_data_base64": null,
            "volume_tags": {},
            "vpc_security_group_ids": [
              "sg-037aef28647230dbc",
              "sg-0b00f9c9fcd9e8bc7"
            ]
          },
          "private": "eyJlMmJmYjczMC1lY2FhLTExZTYtOGY4OC0zNDM2M2JjN2M0YzAiOnsiY3JlYXRlIjo2MDAwMDAwMDAwMDAsImRlbGV0ZSI6MTIwMDAwMDAwMDAwMCwidXBkYXRlIjo2MDAwMDAwMDAwMDB9LCJzY2hlbWFfdmVyc2lvbiI6IjEifQ==",
          "dependencies": [
            "aws_key_pair.timesheet-key"
          ]
        }
      ]
    },
    {
      "mode": "managed",
      "type": "aws_key_pair",
      "name": "timesheet-key",
      "provider": "provider.aws",
      "instances": [
        {
          "schema_version": 1,
          "attributes": {
            "fingerprint": "23:cb:cf:b3:ce:8d:51:52:85:6d:e8:98:af:41:56:e2",
            "id": "timesheet-key",
            "key_name": "timesheet-key",
            "key_name_prefix": null,
            "public_key": "ssh-rsa AAAAB3NzaC1yc2EAAAADAQABAAABAQDI+gHXXm9VYEgo+tB5LKhGzMP/qaALNrwwkxYHPd40seMqEppKbTLB86Eb6CPkq3LfZzB3I6mp8+RRI4ULSsmpYSY/nYk3Qw5X+vw7SCoH/hTixT4cVbEJQsWEqio8M65c2HED7oHqEm0CEP1IwcZB8eJpPgnJ3u0JGlNvbuGVcR8EQMX4RCpVO+GhT0ePYu5oN6TZooc7xAU9y4v+3Gsn/zgGtOL/x11EEw2JmHzV8hN0tZ/ZZvE0DCsSvZ899jhAkwjZ3d03loyRvxuIBa3YMYrNmjvA0XfztBcuipcN3KdqdyiqkdIdHzIpT1jMH+H0RQFMjJK47T7Lsyl++E7t kumarwaghmode@Kumars-MacBook-Pro.local"
          },
          "private": "eyJzY2hlbWFfdmVyc2lvbiI6IjEifQ=="
        }
      ]
    },
    {
      "mode": "managed",
      "type": "aws_network_interface_sg_attachment",
      "name": "sg_attachment",
      "provider": "provider.aws",
      "instances": [
        {
          "schema_version": 0,
          "attributes": {
            "id": "sg-0b00f9c9fcd9e8bc7_eni-015f71157aa90431e",
            "network_interface_id": "eni-015f71157aa90431e",
            "security_group_id": "sg-0b00f9c9fcd9e8bc7"
          },
          "private": "bnVsbA==",
          "dependencies": [
            "aws_instance.backend-server",
            "aws_key_pair.timesheet-key",
            "aws_security_group.http_backend_security_group"
          ]
        }
      ]
    },
    {
      "mode": "managed",
      "type": "aws_security_group",
      "name": "http_backend_security_group",
      "provider": "provider.aws",
      "instances": [
        {
          "schema_version": 1,
          "attributes": {
            "arn": "arn:aws:ec2:us-east-1:038062473746:security-group/sg-0b00f9c9fcd9e8bc7",
            "description": "Allow all inbound http traffic",
            "egress": [
              {
                "cidr_blocks": [
                  "0.0.0.0/0"
                ],
                "description": "",
                "from_port": 0,
                "ipv6_cidr_blocks": [],
                "prefix_list_ids": [],
                "protocol": "-1",
                "security_groups": [],
                "self": false,
                "to_port": 0
              }
            ],
            "id": "sg-0b00f9c9fcd9e8bc7",
            "ingress": [
              {
                "cidr_blocks": [
                  "0.0.0.0/0"
                ],
                "description": "",
                "from_port": 22,
                "ipv6_cidr_blocks": [],
                "prefix_list_ids": [],
                "protocol": "tcp",
                "security_groups": [],
                "self": false,
                "to_port": 22
              },
              {
                "cidr_blocks": [
                  "0.0.0.0/0"
                ],
                "description": "",
                "from_port": 80,
                "ipv6_cidr_blocks": [],
                "prefix_list_ids": [],
                "protocol": "tcp",
                "security_groups": [],
                "self": false,
                "to_port": 80
              }
            ],
            "name": "allow_backend_http",
            "name_prefix": null,
            "owner_id": "038062473746",
            "revoke_rules_on_delete": false,
            "tags": {
              "Name": "allow_all"
            },
            "timeouts": null,
            "vpc_id": "vpc-0a6e28089e24a4f9f"
          },
          "private": "eyJlMmJmYjczMC1lY2FhLTExZTYtOGY4OC0zNDM2M2JjN2M0YzAiOnsiY3JlYXRlIjo2MDAwMDAwMDAwMDAsImRlbGV0ZSI6NjAwMDAwMDAwMDAwfSwic2NoZW1hX3ZlcnNpb24iOiIxIn0="
        }
      ]
    },
    {
      "mode": "managed",
      "type": "null_resource",
      "name": "install_nginx",
      "provider": "provider.null",
      "instances": [
        {
          "schema_version": 0,
          "attributes": {
            "id": "4047425193919011381",
            "triggers": {
              "instance_id": "i-04db9d1138870d54b"
            }
          },
          "private": "bnVsbA==",
          "dependencies": [
            "aws_eip.static_ip",
            "aws_eip_association.static_ip_association",
            "aws_instance.backend-server",
            "aws_network_interface_sg_attachment.sg_attachment"
          ]
        }
      ]
    }
  ]
}
